# This file is automatically @generated by Cargo.
# It is not intended for manual editing.
[[package]]
name = "abc153"
version = "0.1.0"
dependencies = [
 "proconio 0.3.5 (registry+https://github.com/rust-lang/crates.io-index)",
]

[[package]]
name = "lazy_static"
version = "1.4.0"
source = "registry+https://github.com/rust-lang/crates.io-index"

[[package]]
name = "proconio"
version = "0.3.5"
source = "registry+https://github.com/rust-lang/crates.io-index"
dependencies = [
 "lazy_static 1.4.0 (registry+https://github.com/rust-lang/crates.io-index)",
]

[metadata]
"checksum lazy_static 1.4.0 (registry+https://github.com/rust-lang/crates.io-index)" = "e2abad23fbc42b3700f2f279844dc832adb2b2eb069b2df918f455c4e18cc646"
"checksum proconio 0.3.5 (registry+https://github.com/rust-lang/crates.io-index)" = "3f50331d8ee5ca54b123896161f31d1dc670be1400569e1efed5186fe3ee7258"
